{
  "version": 4,
  "terraform_version": "1.15.5",
  "serial": 5,
  "lineage": "b1a6402c-a313-6845-7353-4433a59f7ea1",
  "outputs": {},
  "resources": [
    {
      "mode": "data",
      "type": "azuread_client_config",
      "name": "current",
      "provider": "provider[\"registry.terraform.io/hashicorp/azuread\"]",
      "instances": [
        {
          "schema_version": 0,
          "attributes": {
            "client_id": "04b07795-8ddb-461a-bbee-02f9e1bf7b46",
            "id": "1f30af42-6261-4c3a-a437-30b2db0e429f-04b07795-8ddb-461a-bbee-02f9e1bf7b46-1af81039-1b2f-4405-aeea-4eeacc9d7b22",
            "object_id": "1af81039-1b2f-4405-aeea-4eeacc9d7b22",
            "tenant_id": "1f30af42-6261-4c3a-a437-30b2db0e429f",
            "timeouts": null
          },
          "sensitive_attributes": [],
          "identity_schema_version": 0
        }
      ]
    },
    {
      "mode": "managed",
      "type": "azuread_group",
      "name": "guest_users",
      "provider": "provider[\"registry.terraform.io/hashicorp/azuread\"]",
      "instances": [
        {
          "schema_version": 0,
          "attributes": {
            "administrative_unit_ids": null,
            "assignable_to_role": false,
            "auto_subscribe_new_members": false,
            "behaviors": null,
            "description": "External guest identities",
            "display_name": "ByteKage-GuestUsers",
            "dynamic_membership": [],
            "external_senders_allowed": false,
            "hide_from_address_lists": false,
            "hide_from_outlook_clients": false,
            "id": "81590fcb-f89d-4c68-b9a5-135c096b7ac8",
            "mail": "",
            "mail_enabled": false,
            "mail_nickname": "1dfb3eb0-0",
            "members": [],
            "object_id": "81590fcb-f89d-4c68-b9a5-135c096b7ac8",
            "onpremises_domain_name": "",
            "onpremises_group_type": "",
            "onpremises_netbios_name": "",
            "onpremises_sam_account_name": "",
            "onpremises_security_identifier": "",
            "onpremises_sync_enabled": false,
            "owners": [
              "1af81039-1b2f-4405-aeea-4eeacc9d7b22"
            ],
            "preferred_language": "",
            "prevent_duplicate_names": false,
            "provisioning_options": null,
            "proxy_addresses": [],
            "security_enabled": true,
            "theme": "",
            "timeouts": null,
            "types": null,
            "visibility": "",
            "writeback_enabled": false
          },
          "sensitive_attributes": [],
          "identity_schema_version": 0,
          "private": "eyJlMmJmYjczMC1lY2FhLTExZTYtOGY4OC0zNDM2M2JjN2M0YzAiOnsiY3JlYXRlIjoxMjAwMDAwMDAwMDAwLCJkZWxldGUiOjMwMDAwMDAwMDAwMCwicmVhZCI6MzAwMDAwMDAwMDAwLCJ1cGRhdGUiOjEyMDAwMDAwMDAwMDB9fQ=="
        }
      ]
    },
    {
      "mode": "managed",
      "type": "azuread_group",
      "name": "service_accounts",
      "provider": "provider[\"registry.terraform.io/hashicorp/azuread\"]",
      "instances": [
        {
          "schema_version": 0,
          "attributes": {
            "administrative_unit_ids": null,
            "assignable_to_role": false,
            "auto_subscribe_new_members": false,
            "behaviors": null,
            "description": "Service and automation accounts",
            "display_name": "ByteKage-ServiceAccounts",
            "dynamic_membership": [],
            "external_senders_allowed": false,
            "hide_from_address_lists": false,
            "hide_from_outlook_clients": false,
            "id": "1562d1f9-1d72-4058-87d4-e3d94eaa7cdf",
            "mail": "",
            "mail_enabled": false,
            "mail_nickname": "99c8ee98-0",
            "members": [],
            "object_id": "1562d1f9-1d72-4058-87d4-e3d94eaa7cdf",
            "onpremises_domain_name": "",
            "onpremises_group_type": "",
            "onpremises_netbios_name": "",
            "onpremises_sam_account_name": "",
            "onpremises_security_identifier": "",
            "onpremises_sync_enabled": false,
            "owners": [
              "1af81039-1b2f-4405-aeea-4eeacc9d7b22"
            ],
            "preferred_language": "",
            "prevent_duplicate_names": false,
            "provisioning_options": null,
            "proxy_addresses": [],
            "security_enabled": true,
            "theme": "",
            "timeouts": null,
            "types": null,
            "visibility": "",
            "writeback_enabled": false
          },
          "sensitive_attributes": [],
          "identity_schema_version": 0,
          "private": "eyJlMmJmYjczMC1lY2FhLTExZTYtOGY4OC0zNDM2M2JjN2M0YzAiOnsiY3JlYXRlIjoxMjAwMDAwMDAwMDAwLCJkZWxldGUiOjMwMDAwMDAwMDAwMCwicmVhZCI6MzAwMDAwMDAwMDAwLCJ1cGRhdGUiOjEyMDAwMDAwMDAwMDB9fQ=="
        }
      ]
    },
    {
      "mode": "managed",
      "type": "azuread_group_member",
      "name": "svc_graphapi_to_serviceaccounts",
      "provider": "provider[\"registry.terraform.io/hashicorp/azuread\"]",
      "instances": [
        {
          "schema_version": 0,
          "attributes": {
            "group_object_id": "1562d1f9-1d72-4058-87d4-e3d94eaa7cdf",
            "id": "1562d1f9-1d72-4058-87d4-e3d94eaa7cdf/member/b1659b61-251d-460e-bdbd-13ac59604266",
            "member_object_id": "b1659b61-251d-460e-bdbd-13ac59604266",
            "timeouts": null
          },
          "sensitive_attributes": [],
          "identity_schema_version": 0,
          "private": "eyJlMmJmYjczMC1lY2FhLTExZTYtOGY4OC0zNDM2M2JjN2M0YzAiOnsiY3JlYXRlIjozMDAwMDAwMDAwMDAsImRlbGV0ZSI6MzAwMDAwMDAwMDAwLCJyZWFkIjozMDAwMDAwMDAwMDB9fQ==",
          "dependencies": [
            "azuread_group.service_accounts",
            "azuread_user.svc_graphapi"
          ]
        }
      ]
    },
    {
      "mode": "managed",
      "type": "azuread_user",
      "name": "svc_graphapi",
      "provider": "provider[\"registry.terraform.io/hashicorp/azuread\"]",
      "instances": [
        {
          "schema_version": 0,
          "attributes": {
            "about_me": "",
            "account_enabled": true,
            "age_group": "",
            "business_phones": [],
            "city": "",
            "company_name": "",
            "consent_provided_for_minor": "",
            "cost_center": "",
            "country": "",
            "creation_type": "",
            "department": "",
            "disable_password_expiration": false,
            "disable_strong_password": false,
            "display_name": "Graph API Service Account",
            "division": "",
            "employee_id": "",
            "employee_type": "",
            "external_user_state": "",
            "fax_number": "",
            "force_password_change": true,
            "given_name": "",
            "id": "b1659b61-251d-460e-bdbd-13ac59604266",
            "im_addresses": [],
            "job_title": "",
            "mail": "",
            "mail_nickname": "svc.graphapi",
            "manager_id": "",
            "mobile_phone": "",
            "object_id": "b1659b61-251d-460e-bdbd-13ac59604266",
            "office_location": "",
            "onpremises_distinguished_name": "",
            "onpremises_domain_name": "",
            "onpremises_immutable_id": "",
            "onpremises_sam_account_name": "",
            "onpremises_security_identifier": "",
            "onpremises_sync_enabled": false,
            "onpremises_user_principal_name": "",
            "other_mails": null,
            "password": "TempPassword123!",
            "postal_code": "",
            "preferred_language": "",
            "proxy_addresses": [],
            "show_in_address_list": true,
            "state": "",
            "street_address": "",
            "surname": "",
            "timeouts": null,
            "usage_location": "",
            "user_principal_name": "svc.graphapi@ByteKage.onmicrosoft.com",
            "user_type": "Member"
          },
          "sensitive_attributes": [
            [
              {
                "type": "get_attr",
                "value": "password"
              }
            ]
          ],
          "identity_schema_version": 0,
          "private": "eyJlMmJmYjczMC1lY2FhLTExZTYtOGY4OC0zNDM2M2JjN2M0YzAiOnsiY3JlYXRlIjozMDAwMDAwMDAwMDAsImRlbGV0ZSI6MzAwMDAwMDAwMDAwLCJyZWFkIjozMDAwMDAwMDAwMDAsInVwZGF0ZSI6MzAwMDAwMDAwMDAwfX0="
        }
      ]
    }
  ],
  "check_results": null
}
